
Microsoft Visual Studio Solution File, Format Version 12.00
# Visual Studio Version 16
VisualStudioVersion = 16.0.33027.164
MinimumVisualStudioVersion = 10.0.40219.1
Project("{FAE04EC0-301F-11D3-BF4B-00C04F79EFBC}") = "WeekTest", "WeekTest\WeekTest.csproj", "{5A3475ED-8361-42C7-8317-F4C317449DF0}"
EndProject
Global
	GlobalSection(SolutionConfigurationPlatforms) = preSolution
		Debug|Any CPU = Debug|Any CPU
		Release|Any CPU = Release|Any CPU
	EndGlobalSection
	GlobalSection(ProjectConfigurationPlatforms) = postSolution
		{5A3475ED-8361-42C7-8317-F4C317449DF0}.Debug|Any CPU.ActiveCfg = Debug|Any CPU
		{5A3475ED-8361-42C7-8317-F4C317449DF0}.Debug|Any CPU.Build.0 = Debug|Any CPU
		{5A3475ED-8361-42C7-8317-F4C317449DF0}.Release|Any CPU.ActiveCfg = Release|Any CPU
		{5A3475ED-8361-42C7-8317-F4C317449DF0}.Release|Any CPU.Build.0 = Release|Any CPU
	EndGlobalSection
	GlobalSection(SolutionProperties) = preSolution
		HideSolutionNode = FALSE
	EndGlobalSection
	GlobalSection(ExtensibilityGlobals) = postSolution
		SolutionGuid = {DDF2AA92-7FA0-4E42-917D-A3A9D5ABA5EF}
	EndGlobalSection
EndGlobal
